// !$*UTF8*$!
{
	archiveVersion = 1;
	classes = {
	};
	objectVersion = 48;
	objects = {

/* Begin PBXBuildFile section */
		98AA3FC220AA485A00601D7D /* SignUP.m in Sources */ = {isa = PBXBuildFile; fileRef = 98AA3FC120AA485A00601D7D /* SignUP.m */; };
		98AA3FC520AA65EA00601D7D /* InputIcons.m in Sources */ = {isa = PBXBuildFile; fileRef = 98AA3FC420AA65EA00601D7D /* InputIcons.m */; };
		98FFB2A220A40EEF00364C6F /* AppDelegate.m in Sources */ = {isa = PBXBuildFile; fileRef = 98FFB2A120A40EEF00364C6F /* AppDelegate.m */; };
		98FFB2A520A40EEF00364C6F /* ViewController.m in Sources */ = {isa = PBXBuildFile; fileRef = 98FFB2A420A40EEF00364C6F /* ViewController.m */; };
		98FFB2A820A40EEF00364C6F /* Main.storyboard in Resources */ = {isa = PBXBuildFile; fileRef = 98FFB2A620A40EEF00364C6F /* Main.storyboard */; };
		98FFB2AA20A40EEF00364C6F /* Assets.xcassets in Resources */ = {isa = PBXBuildFile; fileRef = 98FFB2A920A40EEF00364C6F /* Assets.xcassets */; };
		98FFB2AD20A40EEF00364C6F /* LaunchScreen.storyboard in Resources */ = {isa = PBXBuildFile; fileRef = 98FFB2AB20A40EEF00364C6F /* LaunchScreen.storyboard */; };
		98FFB2B020A40EEF00364C6F /* main.m in Sources */ = {isa = PBXBuildFile; fileRef = 98FFB2AF20A40EEF00364C6F /* main.m */; };
		98FFB2BA20A40EEF00364C6F /* JamTests.m in Sources */ = {isa = PBXBuildFile; fileRef = 98FFB2B920A40EEF00364C6F /* JamTests.m */; };
		98FFB2C520A40EEF00364C6F /* JamUITests.m in Sources */ = {isa = PBXBuildFile; fileRef = 98FFB2C420A40EEF00364C6F /* JamUITests.m */; };
		98FFB2D420A4108700364C6F /* Gradients.m in Sources */ = {isa = PBXBuildFile; fileRef = 98FFB2D320A4108700364C6F /* Gradients.m */; };
/* End PBXBuildFile section */

/* Begin PBXContainerItemProxy section */
		98FFB2B620A40EEF00364C6F /* PBXContainerItemProxy */ = {
			isa = PBXContainerItemProxy;
			containerPortal = 98FFB29520A40EEF00364C6F /* Project object */;
			proxyType = 1;
			remoteGlobalIDString = 98FFB29C20A40EEF00364C6F;
			remoteInfo = Jam;
		};
		98FFB2C120A40EEF00364C6F /* PBXContainerItemProxy */ = {
			isa = PBXContainerItemProxy;
			containerPortal = 98FFB29520A40EEF00364C6F /* Project object */;
			proxyType = 1;
			remoteGlobalIDString = 98FFB29C20A40EEF00364C6F;
			remoteInfo = Jam;
		};
/* End PBXContainerItemProxy section */

/* Begin PBXFileReference section */
		98AA3FC020AA485A00601D7D /* SignUP.h */ = {isa = PBXFileReference; lastKnownFileType = sourcecode.c.h; path = SignUP.h; sourceTree = "<group>"; };
		98AA3FC120AA485A00601D7D /* SignUP.m */ = {isa = PBXFileReference; lastKnownFileType = sourcecode.c.objc; path = SignUP.m; sourceTree = "<group>"; };
		98AA3FC320AA65EA00601D7D /* InputIcons.h */ = {isa = PBXFileReference; lastKnownFileType = sourcecode.c.h; path = InputIcons.h; sourceTree = "<group>"; };
		98AA3FC420AA65EA00601D7D /* InputIcons.m */ = {isa = PBXFileReference; lastKnownFileType = sourcecode.c.objc; path = InputIcons.m; sourceTree = "<group>"; };
		98FFB29D20A40EEF00364C6F /* Jam.app */ = {isa = PBXFileReference; explicitFileType = wrapper.application; includeInIndex = 0; path = Jam.app; sourceTree = BUILT_PRODUCTS_DIR; };
		98FFB2A020A40EEF00364C6F /* AppDelegate.h */ = {isa = PBXFileReference; lastKnownFileType = sourcecode.c.h; path = AppDelegate.h; sourceTree = "<group>"; };
		98FFB2A120A40EEF00364C6F /* AppDelegate.m */ = {isa = PBXFileReference; lastKnownFileType = sourcecode.c.objc; path = AppDelegate.m; sourceTree = "<group>"; };
		98FFB2A320A40EEF00364C6F /* ViewController.h */ = {isa = PBXFileReference; lastKnownFileType = sourcecode.c.h; path = ViewController.h; sourceTree = "<group>"; };
		98FFB2A420A40EEF00364C6F /* ViewController.m */ = {isa = PBXFileReference; lastKnownFileType = sourcecode.c.objc; path = ViewController.m; sourceTree = "<group>"; };
		98FFB2A720A40EEF00364C6F /* Base */ = {isa = PBXFileReference; lastKnownFileType = file.storyboard; name = Base; path = Base.lproj/Main.storyboard; sourceTree = "<group>"; };
		98FFB2A920A40EEF00364C6F /* Assets.xcassets */ = {isa = PBXFileReference; lastKnownFileType = folder.assetcatalog; path = Assets.xcassets; sourceTree = "<group>"; };
		98FFB2AC20A40EEF00364C6F /* Base */ = {isa = PBXFileReference; lastKnownFileType = file.storyboard; name = Base; path = Base.lproj/LaunchScreen.storyboard; sourceTree = "<group>"; };
		98FFB2AE20A40EEF00364C6F /* Info.plist */ = {isa = PBXFileReference; lastKnownFileType = text.plist.xml; path = Info.plist; sourceTree = "<group>"; };
		98FFB2AF20A40EEF00364C6F /* main.m */ = {isa = PBXFileReference; lastKnownFileType = sourcecode.c.objc; path = main.m; sourceTree = "<group>"; };
		98FFB2B520A40EEF00364C6F /* JamTests.xctest */ = {isa = PBXFileReference; explicitFileType = wrapper.cfbundle; includeInIndex = 0; path = JamTests.xctest; sourceTree = BUILT_PRODUCTS_DIR; };
		98FFB2B920A40EEF00364C6F /* JamTests.m */ = {isa = PBXFileReference; lastKnownFileType = sourcecode.c.objc; path = JamTests.m; sourceTree = "<group>"; };
		98FFB2BB20A40EEF00364C6F /* Info.plist */ = {isa = PBXFileReference; lastKnownFileType = text.plist.xml; path = Info.plist; sourceTree = "<group>"; };
		98FFB2C020A40EEF00364C6F /* JamUITests.xctest */ = {isa = PBXFileReference; explicitFileType = wrapper.cfbundle; includeInIndex = 0; path = JamUITests.xctest; sourceTree = BUILT_PRODUCTS_DIR; };
		98FFB2C420A40EEF00364C6F /* JamUITests.m */ = {isa = PBXFileReference; lastKnownFileType = sourcecode.c.objc; path = JamUITests.m; sourceTree = "<group>"; };
		98FFB2C620A40EEF00364C6F /* Info.plist */ = {isa = PBXFileReference; lastKnownFileType = text.plist.xml; path = Info.plist; sourceTree = "<group>"; };
		98FFB2D220A4108700364C6F /* Gradients.h */ = {isa = PBXFileReference; lastKnownFileType = sourcecode.c.h; path = Gradients.h; sourceTree = "<group>"; };
		98FFB2D320A4108700364C6F /* Gradients.m */ = {isa = PBXFileReference; lastKnownFileType = sourcecode.c.objc; path = Gradients.m; sourceTree = "<group>"; };
/* End PBXFileReference section */

/* Begin PBXFrameworksBuildPhase section */
		98FFB29A20A40EEF00364C6F /* Frameworks */ = {
			isa = PBXFrameworksBuildPhase;
			buildActionMask = 2147483647;
			files = (
			);
			runOnlyForDeploymentPostprocessing = 0;
		};
		98FFB2B220A40EEF00364C6F /* Frameworks */ = {
			isa = PBXFrameworksBuildPhase;
			buildActionMask = 2147483647;
			files = (
			);
			runOnlyForDeploymentPostprocessing = 0;
		};
		98FFB2BD20A40EEF00364C6F /* Frameworks */ = {
			isa = PBXFrameworksBuildPhase;
			buildActionMask = 2147483647;
			files = (
			);
			runOnlyForDeploymentPostprocessing = 0;
		};
/* End PBXFrameworksBuildPhase section */

/* Begin PBXGroup section */
		98FFB29420A40EEF00364C6F = {
			isa = PBXGroup;
			children = (
				98FFB29F20A40EEF00364C6F /* Jam */,
				98FFB2B820A40EEF00364C6F /* JamTests */,
				98FFB2C320A40EEF00364C6F /* JamUITests */,
				98FFB29E20A40EEF00364C6F /* Products */,
			);
			sourceTree = "<group>";
		};
		98FFB29E20A40EEF00364C6F /* Products */ = {
			isa = PBXGroup;
			children = (
				98FFB29D20A40EEF00364C6F /* Jam.app */,
				98FFB2B520A40EEF00364C6F /* JamTests.xctest */,
				98FFB2C020A40EEF00364C6F /* JamUITests.xctest */,
			);
			name = Products;
			sourceTree = "<group>";
		};
		98FFB29F20A40EEF00364C6F /* Jam */ = {
			isa = PBXGroup;
			children = (
				98FFB2A020A40EEF00364C6F /* AppDelegate.h */,
				98FFB2A120A40EEF00364C6F /* AppDelegate.m */,
				98FFB2A320A40EEF00364C6F /* ViewController.h */,
				98FFB2A420A40EEF00364C6F /* ViewController.m */,
				98FFB2A620A40EEF00364C6F /* Main.storyboard */,
				98FFB2A920A40EEF00364C6F /* Assets.xcassets */,
				98FFB2AB20A40EEF00364C6F /* LaunchScreen.storyboard */,
				98FFB2AE20A40EEF00364C6F /* Info.plist */,
				98FFB2AF20A40EEF00364C6F /* main.m */,
				98FFB2D220A4108700364C6F /* Gradients.h */,
				98FFB2D320A4108700364C6F /* Gradients.m */,
				98AA3FC020AA485A00601D7D /* SignUP.h */,
				98AA3FC120AA485A00601D7D /* SignUP.m */,
				98AA3FC320AA65EA00601D7D /* InputIcons.h */,
				98AA3FC420AA65EA00601D7D /* InputIcons.m */,
			);
			path = Jam;
			sourceTree = "<group>";
		};
		98FFB2B820A40EEF00364C6F /* JamTests */ = {
			isa = PBXGroup;
			children = (
				98FFB2B920A40EEF00364C6F /* JamTests.m */,
				98FFB2BB20A40EEF00364C6F /* Info.plist */,
			);
			path = JamTests;
			sourceTree = "<group>";
		};
		98FFB2C320A40EEF00364C6F /* JamUITests */ = {
			isa = PBXGroup;
			children = (
				98FFB2C420A40EEF00364C6F /* JamUITests.m */,
				98FFB2C620A40EEF00364C6F /* Info.plist */,
			);
			path = JamUITests;
			sourceTree = "<group>";
		};
/* End PBXGroup section */

/* Begin PBXNativeTarget section */
		98FFB29C20A40EEF00364C6F /* Jam */ = {
			isa = PBXNativeTarget;
			buildConfigurationList = 98FFB2C920A40EEF00364C6F /* Build configuration list for PBXNativeTarget "Jam" */;
			buildPhases = (
				98FFB29920A40EEF00364C6F /* Sources */,
				98FFB29A20A40EEF00364C6F /* Frameworks */,
				98FFB29B20A40EEF00364C6F /* Resources */,
			);
			buildRules = (
			);
			dependencies = (
			);
			name = Jam;
			productName = Jam;
			productReference = 98FFB29D20A40EEF00364C6F /* Jam.app */;
			productType = "com.apple.product-type.application";
		};
		98FFB2B420A40EEF00364C6F /* JamTests */ = {
			isa = PBXNativeTarget;
			buildConfigurationList = 98FFB2CC20A40EEF00364C6F /* Build configuration list for PBXNativeTarget "JamTests" */;
			buildPhases = (
				98FFB2B120A40EEF00364C6F /* Sources */,
				98FFB2B220A40EEF00364C6F /* Frameworks */,
				98FFB2B320A40EEF00364C6F /* Resources */,
			);
			buildRules = (
			);
			dependencies = (
				98FFB2B720A40EEF00364C6F /* PBXTargetDependency */,
			);
			name = JamTests;
			productName = JamTests;
			productReference = 98FFB2B520A40EEF00364C6F /* JamTests.xctest */;
			productType = "com.apple.product-type.bundle.unit-test";
		};
		98FFB2BF20A40EEF00364C6F /* JamUITests */ = {
			isa = PBXNativeTarget;
			buildConfigurationList = 98FFB2CF20A40EEF00364C6F /* Build configuration list for PBXNativeTarget "JamUITests" */;
			buildPhases = (
				98FFB2BC20A40EEF00364C6F /* Sources */,
				98FFB2BD20A40EEF00364C6F /* Frameworks */,
				98FFB2BE20A40EEF00364C6F /* Resources */,
			);
			buildRules = (
			);
			dependencies = (
				98FFB2C220A40EEF00364C6F /* PBXTargetDependency */,
			);
			name = JamUITests;
			productName = JamUITests;
			productReference = 98FFB2C020A40EEF00364C6F /* JamUITests.xctest */;
			productType = "com.apple.product-type.bundle.ui-testing";
		};
/* End PBXNativeTarget section */

/* Begin PBXProject section */
		98FFB29520A40EEF00364C6F /* Project object */ = {
			isa = PBXProject;
			attributes = {
				LastUpgradeCheck = 0920;
				ORGANIZATIONNAME = 5661;
				TargetAttributes = {
					98FFB29C20A40EEF00364C6F = {
						CreatedOnToolsVersion = 9.2;
						ProvisioningStyle = Automatic;
					};
					98FFB2B420A40EEF00364C6F = {
						CreatedOnToolsVersion = 9.2;
						ProvisioningStyle = Automatic;
						TestTargetID = 98FFB29C20A40EEF00364C6F;
					};
					98FFB2BF20A40EEF00364C6F = {
						CreatedOnToolsVersion = 9.2;
						ProvisioningStyle = Automatic;
						TestTargetID = 98FFB29C20A40EEF00364C6F;
					};
				};
			};
			buildConfigurationList = 98FFB29820A40EEF00364C6F /* Build configuration list for PBXProject "Jam" */;
			compatibilityVersion = "Xcode 8.0";
			developmentRegion = en;
			hasScannedForEncodings = 0;
			knownRegions = (
				en,
				Base,
			);
			mainGroup = 98FFB29420A40EEF00364C6F;
			productRefGroup = 98FFB29E20A40EEF00364C6F /* Products */;
			projectDirPath = "";
			projectRoot = "";
			targets = (
				98FFB29C20A40EEF00364C6F /* Jam */,
				98FFB2B420A40EEF00364C6F /* JamTests */,
				98FFB2BF20A40EEF00364C6F /* JamUITests */,
			);
		};
/* End PBXProject section */

/* Begin PBXResourcesBuildPhase section */
		98FFB29B20A40EEF00364C6F /* Resources */ = {
			isa = PBXResourcesBuildPhase;
			buildActionMask = 2147483647;
			files = (
				98FFB2AD20A40EEF00364C6F /* LaunchScreen.storyboard in Resources */,
				98FFB2AA20A40EEF00364C6F /* Assets.xcassets in Resources */,
				98FFB2A820A40EEF00364C6F /* Main.storyboard in Resources */,
			);
			runOnlyForDeploymentPostprocessing = 0;
		};
		98FFB2B320A40EEF00364C6F /* Resources */ = {
			isa = PBXResourcesBuildPhase;
			buildActionMask = 2147483647;
			files = (
			);
			runOnlyForDeploymentPostprocessing = 0;
		};
		98FFB2BE20A40EEF00364C6F /* Resources */ = {
			isa = PBXResourcesBuildPhase;
			buildActionMask = 2147483647;
			files = (
			);
			runOnlyForDeploymentPostprocessing = 0;
		};
/* End PBXResourcesBuildPhase section */

/* Begin PBXSourcesBuildPhase section */
		98FFB29920A40EEF00364C6F /* Sources */ = {
			isa = PBXSourcesBuildPhase;
			buildActionMask = 2147483647;
			files = (
				98FFB2A520A40EEF00364C6F /* ViewController.m in Sources */,
				98AA3FC220AA485A00601D7D /* SignUP.m in Sources */,
				98FFB2B020A40EEF00364C6F /* main.m in Sources */,
				98AA3FC520AA65EA00601D7D /* InputIcons.m in Sources */,
				98FFB2A220A40EEF00364C6F /* AppDelegate.m in Sources */,
				98FFB2D420A4108700364C6F /* Gradients.m in Sources */,
			);
			runOnlyForDeploymentPostprocessing = 0;
		};
		98FFB2B120A40EEF00364C6F /* Sources */ = {
			isa = PBXSourcesBuildPhase;
			buildActionMask = 2147483647;
			files = (
				98FFB2BA20A40EEF00364C6F /* JamTests.m in Sources */,
			);
			runOnlyForDeploymentPostprocessing = 0;
		};
		98FFB2BC20A40EEF00364C6F /* Sources */ = {
			isa = PBXSourcesBuildPhase;
			buildActionMask = 2147483647;
			files = (
				98FFB2C520A40EEF00364C6F /* JamUITests.m in Sources */,
			);
			runOnlyForDeploymentPostprocessing = 0;
		};
/* End PBXSourcesBuildPhase section */

/* Begin PBXTargetDependency section */
		98FFB2B720A40EEF00364C6F /* PBXTargetDependency */ = {
			isa = PBXTargetDependency;
			target = 98FFB29C20A40EEF00364C6F /* Jam */;
			targetProxy = 98FFB2B620A40EEF00364C6F /* PBXContainerItemProxy */;
		};
		98FFB2C220A40EEF00364C6F /* PBXTargetDependency */ = {
			isa = PBXTargetDependency;
			target = 98FFB29C20A40EEF00364C6F /* Jam */;
			targetProxy = 98FFB2C120A40EEF00364C6F /* PBXContainerItemProxy */;
		};
/* End PBXTargetDependency section */

/* Begin PBXVariantGroup section */
		98FFB2A620A40EEF00364C6F /* Main.storyboard */ = {
			isa = PBXVariantGroup;
			children = (
				98FFB2A720A40EEF00364C6F /* Base */,
			);
			name = Main.storyboard;
			sourceTree = "<group>";
		};
		98FFB2AB20A40EEF00364C6F /* LaunchScreen.storyboard */ = {
			isa = PBXVariantGroup;
			children = (
				98FFB2AC20A40EEF00364C6F /* Base */,
			);
			name = LaunchScreen.storyboard;
			sourceTree = "<group>";
		};
/* End PBXVariantGroup section */

/* Begin XCBuildConfiguration section */
		98FFB2C720A40EEF00364C6F /* Debug */ = {
			isa = XCBuildConfiguration;
			buildSettings = {
				ALWAYS_SEARCH_USER_PATHS = NO;
				CLANG_ANALYZER_NONNULL = YES;
				CLANG_ANALYZER_NUMBER_OBJECT_CONVERSION = YES_AGGRESSIVE;
				CLANG_CXX_LANGUAGE_STANDARD = "gnu++14";
				CLANG_CXX_LIBRARY = "libc++";
				CLANG_ENABLE_MODULES = YES;
				CLANG_ENABLE_OBJC_ARC = YES;
				CLANG_WARN_BLOCK_CAPTURE_AUTORELEASING = YES;
				CLANG_WARN_BOOL_CONVERSION = YES;
				CLANG_WARN_COMMA = YES;
				CLANG_WARN_CONSTANT_CONVERSION = YES;
				CLANG_WARN_DIRECT_OBJC_ISA_USAGE = YES_ERROR;
				CLANG_WARN_DOCUMENTATION_COMMENTS = YES;
				CLANG_WARN_EMPTY_BODY = YES;
				CLANG_WARN_ENUM_CONVERSION = YES;
				CLANG_WARN_INFINITE_RECURSION = YES;
				CLANG_WARN_INT_CONVERSION = YES;
				CLANG_WARN_NON_LITERAL_NULL_CONVERSION = YES;
				CLANG_WARN_OBJC_LITERAL_CONVERSION = YES;
				CLANG_WARN_OBJC_ROOT_CLASS = YES_ERROR;
				CLANG_WARN_RANGE_LOOP_ANALYSIS = YES;
				CLANG_WARN_STRICT_PROTOTYPES = YES;
				CLANG_WARN_SUSPICIOUS_MOVE = YES;
				CLANG_WARN_UNGUARDED_AVAILABILITY = YES_AGGRESSIVE;
				CLANG_WARN_UNREACHABLE_CODE = YES;
				CLANG_WARN__DUPLICATE_METHOD_MATCH = YES;
				CODE_SIGN_IDENTITY = "iPhone Developer";
				COPY_PHASE_STRIP = NO;
				DEBUG_INFORMATION_FORMAT = dwarf;
				ENABLE_STRICT_OBJC_MSGSEND = YES;
				ENABLE_TESTABILITY = YES;
				GCC_C_LANGUAGE_STANDARD = gnu11;
				GCC_DYNAMIC_NO_PIC = NO;
				GCC_NO_COMMON_BLOCKS = YES;
				GCC_OPTIMIZATION_LEVEL = 0;
				GCC_PREPROCESSOR_DEFINITIONS = (
					"DEBUG=1",
					"$(inherited)",
				);
				GCC_WARN_64_TO_32_BIT_CONVERSION = YES;
				GCC_WARN_ABOUT_RETURN_TYPE = YES_ERROR;
				GCC_WARN_UNDECLARED_SELECTOR = YES;
				GCC_WARN_UNINITIALIZED_AUTOS = YES_AGGRESSIVE;
				GCC_WARN_UNUSED_FUNCTION = YES;
				GCC_WARN_UNUSED_VARIABLE = YES;
				IPHONEOS_DEPLOYMENT_TARGET = 11.2;
				MTL_ENABLE_DEBUG_INFO = YES;
				ONLY_ACTIVE_ARCH = YES;
				SDKROOT = iphoneos;
			};
			name = Debug;
		};
		98FFB2C820A40EEF00364C6F /* Release */ = {
			isa = XCBuildConfiguration;
			buildSettings = {
				ALWAYS_SEARCH_USER_PATHS = NO;
				CLANG_ANALYZER_NONNULL = YES;
				CLANG_ANALYZER_NUMBER_OBJECT_CONVERSION = YES_AGGRESSIVE;
				CLANG_CXX_LANGUAGE_STANDARD = "gnu++14";
				CLANG_CXX_LIBRARY = "libc++";
				CLANG_ENABLE_MODULES = YES;
				CLANG_ENABLE_OBJC_ARC = YES;
				CLANG_WARN_BLOCK_CAPTURE_AUTORELEASING = YES;
				CLANG_WARN_BOOL_CONVERSION = YES;
				CLANG_WARN_COMMA = YES;
				CLANG_WARN_CONSTANT_CONVERSION = YES;
				CLANG_WARN_DIRECT_OBJC_ISA_USAGE = YES_ERROR;
				CLANG_WARN_DOCUMENTATION_COMMENTS = YES;
				CLANG_WARN_EMPTY_BODY = YES;
				CLANG_WARN_ENUM_CONVERSION = YES;
				CLANG_WARN_INFINITE_RECURSION = YES;
				CLANG_WARN_INT_CONVERSION = YES;
				CLANG_WARN_NON_LITERAL_NULL_CONVERSION = YES;
				CLANG_WARN_OBJC_LITERAL_CONVERSION = YES;
				CLANG_WARN_OBJC_ROOT_CLASS = YES_ERROR;
				CLANG_WARN_RANGE_LOOP_ANALYSIS = YES;
				CLANG_WARN_STRICT_PROTOTYPES = YES;
				CLANG_WARN_SUSPICIOUS_MOVE = YES;
				CLANG_WARN_UNGUARDED_AVAILABILITY = YES_AGGRESSIVE;
				CLANG_WARN_UNREACHABLE_CODE = YES;
				CLANG_WARN__DUPLICATE_METHOD_MATCH = YES;
				CODE_SIGN_IDENTITY = "iPhone Developer";
				COPY_PHASE_STRIP = NO;
				DEBUG_INFORMATION_FORMAT = "dwarf-with-dsym";
				ENABLE_NS_ASSERTIONS = NO;
				ENABLE_STRICT_OBJC_MSGSEND = YES;
				GCC_C_LANGUAGE_STANDARD = gnu11;
				GCC_NO_COMMON_BLOCKS = YES;
				GCC_WARN_64_TO_32_BIT_CONVERSION = YES;
				GCC_WARN_ABOUT_RETURN_TYPE = YES_ERROR;
				GCC_WARN_UNDECLARED_SELECTOR = YES;
				GCC_WARN_UNINITIALIZED_AUTOS = YES_AGGRESSIVE;
				GCC_WARN_UNUSED_FUNCTION = YES;
				GCC_WARN_UNUSED_VARIABLE = YES;
				IPHONEOS_DEPLOYMENT_TARGET = 11.2;
				MTL_ENABLE_DEBUG_INFO = NO;
				SDKROOT = iphoneos;
				VALIDATE_PRODUCT = YES;
			};
			name = Release;
		};
		98FFB2CA20A40EEF00364C6F /* Debug */ = {
			isa = XCBuildConfiguration;
			buildSettings = {
				ASSETCATALOG_COMPILER_APPICON_NAME = AppIcon;
				CODE_SIGN_STYLE = Automatic;
				INFOPLIST_FILE = Jam/Info.plist;
				LD_RUNPATH_SEARCH_PATHS = "$(inherited) @executable_path/Frameworks";
				PRODUCT_BUNDLE_IDENTIFIER = maycon.Jam;
				PRODUCT_NAME = "$(TARGET_NAME)";
				TARGETED_DEVICE_FAMILY = "1,2";
			};
			name = Debug;
		};
		98FFB2CB20A40EEF00364C6F /* Release */ = {
			isa = XCBuildConfiguration;
			buildSettings = {
				ASSETCATALOG_COMPILER_APPICON_NAME = AppIcon;
				CODE_SIGN_STYLE = Automatic;
				INFOPLIST_FILE = Jam/Info.plist;
				LD_RUNPATH_SEARCH_PATHS = "$(inherited) @executable_path/Frameworks";
				PRODUCT_BUNDLE_IDENTIFIER = maycon.Jam;
				PRODUCT_NAME = "$(TARGET_NAME)";
				TARGETED_DEVICE_FAMILY = "1,2";
			};
			name = Release;
		};
		98FFB2CD20A40EEF00364C6F /* Debug */ = {
			isa = XCBuildConfiguration;
			buildSettings = {
				BUNDLE_LOADER = "$(TEST_HOST)";
				CODE_SIGN_STYLE = Automatic;
				INFOPLIST_FILE = JamTests/Info.plist;
				LD_RUNPATH_SEARCH_PATHS = "$(inherited) @executable_path/Frameworks @loader_path/Frameworks";
				PRODUCT_BUNDLE_IDENTIFIER = maycon.JamTests;
				PRODUCT_NAME = "$(TARGET_NAME)";
				TARGETED_DEVICE_FAMILY = "1,2";
				TEST_HOST = "$(BUILT_PRODUCTS_DIR)/Jam.app/Jam";
			};
			name = Debug;
		};
		98FFB2CE20A40EEF00364C6F /* Release */ = {
			isa = XCBuildConfiguration;
			buildSettings = {
				BUNDLE_LOADER = "$(TEST_HOST)";
				CODE_SIGN_STYLE = Automatic;
				INFOPLIST_FILE = JamTests/Info.plist;
				LD_RUNPATH_SEARCH_PATHS = "$(inherited) @executable_path/Frameworks @loader_path/Frameworks";
				PRODUCT_BUNDLE_IDENTIFIER = maycon.JamTests;
				PRODUCT_NAME = "$(TARGET_NAME)";
				TARGETED_DEVICE_FAMILY = "1,2";
				TEST_HOST = "$(BUILT_PRODUCTS_DIR)/Jam.app/Jam";
			};
			name = Release;
		};
		98FFB2D020A40EEF00364C6F /* Debug */ = {
			isa = XCBuildConfiguration;
			buildSettings = {
				CODE_SIGN_STYLE = Automatic;
				INFOPLIST_FILE = JamUITests/Info.plist;
				LD_RUNPATH_SEARCH_PATHS = "$(inherited) @executable_path/Frameworks @loader_path/Frameworks";
				PRODUCT_BUNDLE_IDENTIFIER = maycon.JamUITests;
				PRODUCT_NAME = "$(TARGET_NAME)";
				TARGETED_DEVICE_FAMILY = "1,2";
				TEST_TARGET_NAME = Jam;
			};
			name = Debug;
		};
		98FFB2D120A40EEF00364C6F /* Release */ = {
			isa = XCBuildConfiguration;
			buildSettings = {
				CODE_SIGN_STYLE = Automatic;
				INFOPLIST_FILE = JamUITests/Info.plist;
				LD_RUNPATH_SEARCH_PATHS = "$(inherited) @executable_path/Frameworks @loader_path/Frameworks";
				PRODUCT_BUNDLE_IDENTIFIER = maycon.JamUITests;
				PRODUCT_NAME = "$(TARGET_NAME)";
				TARGETED_DEVICE_FAMILY = "1,2";
				TEST_TARGET_NAME = Jam;
			};
			name = Release;
		};
/* End XCBuildConfiguration section */

/* Begin XCConfigurationList section */
		98FFB29820A40EEF00364C6F /* Build configuration list for PBXProject "Jam" */ = {
			isa = XCConfigurationList;
			buildConfigurations = (
				98FFB2C720A40EEF00364C6F /* Debug */,
				98FFB2C820A40EEF00364C6F /* Release */,
			);
			defaultConfigurationIsVisible = 0;
			defaultConfigurationName = Release;
		};
		98FFB2C920A40EEF00364C6F /* Build configuration list for PBXNativeTarget "Jam" */ = {
			isa = XCConfigurationList;
			buildConfigurations = (
				98FFB2CA20A40EEF00364C6F /* Debug */,
				98FFB2CB20A40EEF00364C6F /* Release */,
			);
			defaultConfigurationIsVisible = 0;
			defaultConfigurationName = Release;
		};
		98FFB2CC20A40EEF00364C6F /* Build configuration list for PBXNativeTarget "JamTests" */ = {
			isa = XCConfigurationList;
			buildConfigurations = (
				98FFB2CD20A40EEF00364C6F /* Debug */,
				98FFB2CE20A40EEF00364C6F /* Release */,
			);
			defaultConfigurationIsVisible = 0;
			defaultConfigurationName = Release;
		};
		98FFB2CF20A40EEF00364C6F /* Build configuration list for PBXNativeTarget "JamUITests" */ = {
			isa = XCConfigurationList;
			buildConfigurations = (
				98FFB2D020A40EEF00364C6F /* Debug */,
				98FFB2D120A40EEF00364C6F /* Release */,
			);
			defaultConfigurationIsVisible = 0;
			defaultConfigurationName = Release;
		};
/* End XCConfigurationList section */
	};
	rootObject = 98FFB29520A40EEF00364C6F /* Project object */;
}
