// !$*UTF8*$!
{
	archiveVersion = 1;
	classes = {
	};
	objectVersion = 48;
	objects = {

/* Begin PBXBuildFile section */
		9815F25020AC1638001AC7B1 /* SearchTableViewCell.xib in Resources */ = {isa = PBXBuildFile; fileRef = 9815F24E20AC1638001AC7B1 /* SearchTableViewCell.xib */; };
		98339A6520ACF2C4001C91B1 /* SearchTableViewCell.m in Sources */ = {isa = PBXBuildFile; fileRef = 98339A6420ACF2C4001C91B1 /* SearchTableViewCell.m */; };
		98339A6920ACF968001C91B1 /* Post.m in Sources */ = {isa = PBXBuildFile; fileRef = 98339A6820ACF968001C91B1 /* Post.m */; };
		98339A6C20ACFF6D001C91B1 /* SearchTableViewController.m in Sources */ = {isa = PBXBuildFile; fileRef = 98339A6B20ACFF6D001C91B1 /* SearchTableViewController.m */; };
		983D144A20B3811300465D8A /* MyJamsTableViewController.m in Sources */ = {isa = PBXBuildFile; fileRef = 983D144920B3811300465D8A /* MyJamsTableViewController.m */; };
		983D144D20B3816700465D8A /* MyJamsTableViewCell.m in Sources */ = {isa = PBXBuildFile; fileRef = 983D144C20B3816700465D8A /* MyJamsTableViewCell.m */; };
		983D144F20B381E200465D8A /* MyJamsTableViewCell.xib in Resources */ = {isa = PBXBuildFile; fileRef = 983D144E20B381E200465D8A /* MyJamsTableViewCell.xib */; };
		983D145220B39E1100465D8A /* AddJamViewController.m in Sources */ = {isa = PBXBuildFile; fileRef = 983D145120B39E1100465D8A /* AddJamViewController.m */; };
		98A6FD6420B2655D00C944B5 /* JamDetailsViewController.m in Sources */ = {isa = PBXBuildFile; fileRef = 98A6FD6320B2655D00C944B5 /* JamDetailsViewController.m */; };
		98A6FD6720B2950000C944B5 /* ProfileViewController.m in Sources */ = {isa = PBXBuildFile; fileRef = 98A6FD6620B2950000C944B5 /* ProfileViewController.m */; };
		98A6FD6E20B29ADB00C944B5 /* MessageTableViewCell.m in Sources */ = {isa = PBXBuildFile; fileRef = 98A6FD6C20B29ADB00C944B5 /* MessageTableViewCell.m */; };
		98A6FD6F20B29ADB00C944B5 /* MessageTableViewCell.xib in Resources */ = {isa = PBXBuildFile; fileRef = 98A6FD6D20B29ADB00C944B5 /* MessageTableViewCell.xib */; };
		98A6FD7220B29CE100C944B5 /* Message.m in Sources */ = {isa = PBXBuildFile; fileRef = 98A6FD7120B29CE100C944B5 /* Message.m */; };
		98AA3FC220AA485A00601D7D /* SignUPViewController.m in Sources */ = {isa = PBXBuildFile; fileRef = 98AA3FC120AA485A00601D7D /* SignUPViewController.m */; };
		98AA3FC520AA65EA00601D7D /* InputIcons.m in Sources */ = {isa = PBXBuildFile; fileRef = 98AA3FC420AA65EA00601D7D /* InputIcons.m */; };
		98FFB2A220A40EEF00364C6F /* AppDelegate.m in Sources */ = {isa = PBXBuildFile; fileRef = 98FFB2A120A40EEF00364C6F /* AppDelegate.m */; };
		98FFB2A520A40EEF00364C6F /* LoginViewController.m in Sources */ = {isa = PBXBuildFile; fileRef = 98FFB2A420A40EEF00364C6F /* LoginViewController.m */; };
		98FFB2A820A40EEF00364C6F /* Main.storyboard in Resources */ = {isa = PBXBuildFile; fileRef = 98FFB2A620A40EEF00364C6F /* Main.storyboard */; };
		98FFB2AA20A40EEF00364C6F /* Assets.xcassets in Resources */ = {isa = PBXBuildFile; fileRef = 98FFB2A920A40EEF00364C6F /* Assets.xcassets */; };
		98FFB2AD20A40EEF00364C6F /* LaunchScreen.storyboard in Resources */ = {isa = PBXBuildFile; fileRef = 98FFB2AB20A40EEF00364C6F /* LaunchScreen.storyboard */; };
		98FFB2B020A40EEF00364C6F /* main.m in Sources */ = {isa = PBXBuildFile; fileRef = 98FFB2AF20A40EEF00364C6F /* main.m */; };
		98FFB2BA20A40EEF00364C6F /* JamTests.m in Sources */ = {isa = PBXBuildFile; fileRef = 98FFB2B920A40EEF00364C6F /* JamTests.m */; };
		98FFB2C520A40EEF00364C6F /* JamUITests.m in Sources */ = {isa = PBXBuildFile; fileRef = 98FFB2C420A40EEF00364C6F /* JamUITests.m */; };
		98FFB2D420A4108700364C6F /* Gradients.m in Sources */ = {isa = PBXBuildFile; fileRef = 98FFB2D320A4108700364C6F /* Gradients.m */; };
		B859B7FC20B8034C008BD9F9 /* M_ViewController.m in Sources */ = {isa = PBXBuildFile; fileRef = B859B7FB20B8034C008BD9F9 /* M_ViewController.m */; };
		B859B7FF20B8649C008BD9F9 /* TermsViewController.m in Sources */ = {isa = PBXBuildFile; fileRef = B859B7FE20B8649C008BD9F9 /* TermsViewController.m */; };
		B859B80220B8D433008BD9F9 /* MoreViewController.m in Sources */ = {isa = PBXBuildFile; fileRef = B859B80120B8D433008BD9F9 /* MoreViewController.m */; };
		B872B5CA20B7D8A2005A1B1B /* MessagesTableViewController.m in Sources */ = {isa = PBXBuildFile; fileRef = B872B5C920B7D8A2005A1B1B /* MessagesTableViewController.m */; };
		B872B5D720B7E856005A1B1B /* MessageController.m in Sources */ = {isa = PBXBuildFile; fileRef = B872B5D620B7E856005A1B1B /* MessageController.m */; };
		B872B5DB20B7E873005A1B1B /* M_TableViewCell.m in Sources */ = {isa = PBXBuildFile; fileRef = B872B5D920B7E873005A1B1B /* M_TableViewCell.m */; };
		B872B5DC20B7E873005A1B1B /* M_TableViewCell.xib in Resources */ = {isa = PBXBuildFile; fileRef = B872B5DA20B7E873005A1B1B /* M_TableViewCell.xib */; };
		B8A82D1920B774E700AED2CF /* MyProfileViewController.m in Sources */ = {isa = PBXBuildFile; fileRef = B8A82D1820B774E700AED2CF /* MyProfileViewController.m */; };
/* End PBXBuildFile section */

/* Begin PBXContainerItemProxy section */
		98FFB2B620A40EEF00364C6F /* PBXContainerItemProxy */ = {
			isa = PBXContainerItemProxy;
			containerPortal = 98FFB29520A40EEF00364C6F /* Project object */;
			proxyType = 1;
			remoteGlobalIDString = 98FFB29C20A40EEF00364C6F;
			remoteInfo = Jam;
		};
		98FFB2C120A40EEF00364C6F /* PBXContainerItemProxy */ = {
			isa = PBXContainerItemProxy;
			containerPortal = 98FFB29520A40EEF00364C6F /* Project object */;
			proxyType = 1;
			remoteGlobalIDString = 98FFB29C20A40EEF00364C6F;
			remoteInfo = Jam;
		};
/* End PBXContainerItemProxy section */

/* Begin PBXFileReference section */
		9815F24E20AC1638001AC7B1 /* SearchTableViewCell.xib */ = {isa = PBXFileReference; lastKnownFileType = file.xib; path = SearchTableViewCell.xib; sourceTree = "<group>"; };
		98339A6320ACF2C4001C91B1 /* SearchTableViewCell.h */ = {isa = PBXFileReference; lastKnownFileType = sourcecode.c.h; path = SearchTableViewCell.h; sourceTree = "<group>"; };
		98339A6420ACF2C4001C91B1 /* SearchTableViewCell.m */ = {isa = PBXFileReference; lastKnownFileType = sourcecode.c.objc; path = SearchTableViewCell.m; sourceTree = "<group>"; };
		98339A6720ACF968001C91B1 /* Post.h */ = {isa = PBXFileReference; lastKnownFileType = sourcecode.c.h; path = Post.h; sourceTree = "<group>"; };
		98339A6820ACF968001C91B1 /* Post.m */ = {isa = PBXFileReference; lastKnownFileType = sourcecode.c.objc; path = Post.m; sourceTree = "<group>"; };
		98339A6A20ACFF6D001C91B1 /* SearchTableViewController.h */ = {isa = PBXFileReference; lastKnownFileType = sourcecode.c.h; path = SearchTableViewController.h; sourceTree = "<group>"; };
		98339A6B20ACFF6D001C91B1 /* SearchTableViewController.m */ = {isa = PBXFileReference; lastKnownFileType = sourcecode.c.objc; path = SearchTableViewController.m; sourceTree = "<group>"; };
		983D144820B3811300465D8A /* MyJamsTableViewController.h */ = {isa = PBXFileReference; lastKnownFileType = sourcecode.c.h; path = MyJamsTableViewController.h; sourceTree = "<group>"; };
		983D144920B3811300465D8A /* MyJamsTableViewController.m */ = {isa = PBXFileReference; lastKnownFileType = sourcecode.c.objc; path = MyJamsTableViewController.m; sourceTree = "<group>"; };
		983D144B20B3816700465D8A /* MyJamsTableViewCell.h */ = {isa = PBXFileReference; lastKnownFileType = sourcecode.c.h; path = MyJamsTableViewCell.h; sourceTree = "<group>"; };
		983D144C20B3816700465D8A /* MyJamsTableViewCell.m */ = {isa = PBXFileReference; lastKnownFileType = sourcecode.c.objc; path = MyJamsTableViewCell.m; sourceTree = "<group>"; };
		983D144E20B381E200465D8A /* MyJamsTableViewCell.xib */ = {isa = PBXFileReference; fileEncoding = 4; lastKnownFileType = file.xib; path = MyJamsTableViewCell.xib; sourceTree = "<group>"; };
		983D145020B39E1100465D8A /* AddJamViewController.h */ = {isa = PBXFileReference; lastKnownFileType = sourcecode.c.h; path = AddJamViewController.h; sourceTree = "<group>"; };
		983D145120B39E1100465D8A /* AddJamViewController.m */ = {isa = PBXFileReference; lastKnownFileType = sourcecode.c.objc; path = AddJamViewController.m; sourceTree = "<group>"; };
		98A6FD6220B2655D00C944B5 /* JamDetailsViewController.h */ = {isa = PBXFileReference; lastKnownFileType = sourcecode.c.h; path = JamDetailsViewController.h; sourceTree = "<group>"; };
		98A6FD6320B2655D00C944B5 /* JamDetailsViewController.m */ = {isa = PBXFileReference; lastKnownFileType = sourcecode.c.objc; path = JamDetailsViewController.m; sourceTree = "<group>"; };
		98A6FD6520B2950000C944B5 /* ProfileViewController.h */ = {isa = PBXFileReference; lastKnownFileType = sourcecode.c.h; path = ProfileViewController.h; sourceTree = "<group>"; };
		98A6FD6620B2950000C944B5 /* ProfileViewController.m */ = {isa = PBXFileReference; lastKnownFileType = sourcecode.c.objc; path = ProfileViewController.m; sourceTree = "<group>"; };
		98A6FD6820B29AB400C944B5 /* MessagesTableViewController.h */ = {isa = PBXFileReference; lastKnownFileType = sourcecode.c.h; path = MessagesTableViewController.h; sourceTree = "<group>"; };
		98A6FD6B20B29ADB00C944B5 /* MessageTableViewCell.h */ = {isa = PBXFileReference; lastKnownFileType = sourcecode.c.h; path = MessageTableViewCell.h; sourceTree = "<group>"; };
		98A6FD6C20B29ADB00C944B5 /* MessageTableViewCell.m */ = {isa = PBXFileReference; lastKnownFileType = sourcecode.c.objc; path = MessageTableViewCell.m; sourceTree = "<group>"; };
		98A6FD6D20B29ADB00C944B5 /* MessageTableViewCell.xib */ = {isa = PBXFileReference; lastKnownFileType = file.xib; path = MessageTableViewCell.xib; sourceTree = "<group>"; };
		98A6FD7020B29CE100C944B5 /* Message.h */ = {isa = PBXFileReference; lastKnownFileType = sourcecode.c.h; path = Message.h; sourceTree = "<group>"; };
		98A6FD7120B29CE100C944B5 /* Message.m */ = {isa = PBXFileReference; lastKnownFileType = sourcecode.c.objc; path = Message.m; sourceTree = "<group>"; };
		98AA3FC020AA485A00601D7D /* SignUPViewController.h */ = {isa = PBXFileReference; lastKnownFileType = sourcecode.c.h; path = SignUPViewController.h; sourceTree = "<group>"; };
		98AA3FC120AA485A00601D7D /* SignUPViewController.m */ = {isa = PBXFileReference; lastKnownFileType = sourcecode.c.objc; path = SignUPViewController.m; sourceTree = "<group>"; };
		98AA3FC320AA65EA00601D7D /* InputIcons.h */ = {isa = PBXFileReference; lastKnownFileType = sourcecode.c.h; path = InputIcons.h; sourceTree = "<group>"; };
		98AA3FC420AA65EA00601D7D /* InputIcons.m */ = {isa = PBXFileReference; lastKnownFileType = sourcecode.c.objc; path = InputIcons.m; sourceTree = "<group>"; };
		98AA3FC720AA7C3D00601D7D /* LoginViewController.h */ = {isa = PBXFileReference; lastKnownFileType = sourcecode.c.h; path = LoginViewController.h; sourceTree = "<group>"; };
		98FFB29D20A40EEF00364C6F /* Jam.app */ = {isa = PBXFileReference; explicitFileType = wrapper.application; includeInIndex = 0; path = Jam.app; sourceTree = BUILT_PRODUCTS_DIR; };
		98FFB2A020A40EEF00364C6F /* AppDelegate.h */ = {isa = PBXFileReference; lastKnownFileType = sourcecode.c.h; path = AppDelegate.h; sourceTree = "<group>"; };
		98FFB2A120A40EEF00364C6F /* AppDelegate.m */ = {isa = PBXFileReference; lastKnownFileType = sourcecode.c.objc; path = AppDelegate.m; sourceTree = "<group>"; };
		98FFB2A420A40EEF00364C6F /* LoginViewController.m */ = {isa = PBXFileReference; lastKnownFileType = sourcecode.c.objc; path = LoginViewController.m; sourceTree = "<group>"; };
		98FFB2A720A40EEF00364C6F /* Base */ = {isa = PBXFileReference; lastKnownFileType = file.storyboard; name = Base; path = Base.lproj/Main.storyboard; sourceTree = "<group>"; };
		98FFB2A920A40EEF00364C6F /* Assets.xcassets */ = {isa = PBXFileReference; lastKnownFileType = folder.assetcatalog; path = Assets.xcassets; sourceTree = "<group>"; };
		98FFB2AC20A40EEF00364C6F /* Base */ = {isa = PBXFileReference; lastKnownFileType = file.storyboard; name = Base; path = Base.lproj/LaunchScreen.storyboard; sourceTree = "<group>"; };
		98FFB2AE20A40EEF00364C6F /* Info.plist */ = {isa = PBXFileReference; lastKnownFileType = text.plist.xml; path = Info.plist; sourceTree = "<group>"; };
		98FFB2AF20A40EEF00364C6F /* main.m */ = {isa = PBXFileReference; lastKnownFileType = sourcecode.c.objc; path = main.m; sourceTree = "<group>"; };
		98FFB2B520A40EEF00364C6F /* JamTests.xctest */ = {isa = PBXFileReference; explicitFileType = wrapper.cfbundle; includeInIndex = 0; path = JamTests.xctest; sourceTree = BUILT_PRODUCTS_DIR; };
		98FFB2B920A40EEF00364C6F /* JamTests.m */ = {isa = PBXFileReference; lastKnownFileType = sourcecode.c.objc; path = JamTests.m; sourceTree = "<group>"; };
		98FFB2BB20A40EEF00364C6F /* Info.plist */ = {isa = PBXFileReference; lastKnownFileType = text.plist.xml; path = Info.plist; sourceTree = "<group>"; };
		98FFB2C020A40EEF00364C6F /* JamUITests.xctest */ = {isa = PBXFileReference; explicitFileType = wrapper.cfbundle; includeInIndex = 0; path = JamUITests.xctest; sourceTree = BUILT_PRODUCTS_DIR; };
		98FFB2C420A40EEF00364C6F /* JamUITests.m */ = {isa = PBXFileReference; lastKnownFileType = sourcecode.c.objc; path = JamUITests.m; sourceTree = "<group>"; };
		98FFB2C620A40EEF00364C6F /* Info.plist */ = {isa = PBXFileReference; lastKnownFileType = text.plist.xml; path = Info.plist; sourceTree = "<group>"; };
		98FFB2D220A4108700364C6F /* Gradients.h */ = {isa = PBXFileReference; lastKnownFileType = sourcecode.c.h; path = Gradients.h; sourceTree = "<group>"; };
		98FFB2D320A4108700364C6F /* Gradients.m */ = {isa = PBXFileReference; lastKnownFileType = sourcecode.c.objc; path = Gradients.m; sourceTree = "<group>"; };
		B859B7FA20B8034C008BD9F9 /* M_ViewController.h */ = {isa = PBXFileReference; lastKnownFileType = sourcecode.c.h; path = M_ViewController.h; sourceTree = "<group>"; };
		B859B7FB20B8034C008BD9F9 /* M_ViewController.m */ = {isa = PBXFileReference; lastKnownFileType = sourcecode.c.objc; path = M_ViewController.m; sourceTree = "<group>"; };
		B859B7FD20B8649C008BD9F9 /* TermsViewController.h */ = {isa = PBXFileReference; lastKnownFileType = sourcecode.c.h; path = TermsViewController.h; sourceTree = "<group>"; };
		B859B7FE20B8649C008BD9F9 /* TermsViewController.m */ = {isa = PBXFileReference; lastKnownFileType = sourcecode.c.objc; path = TermsViewController.m; sourceTree = "<group>"; };
		B859B80020B8D433008BD9F9 /* MoreViewController.h */ = {isa = PBXFileReference; lastKnownFileType = sourcecode.c.h; path = MoreViewController.h; sourceTree = "<group>"; };
		B859B80120B8D433008BD9F9 /* MoreViewController.m */ = {isa = PBXFileReference; lastKnownFileType = sourcecode.c.objc; path = MoreViewController.m; sourceTree = "<group>"; };
		B872B5C920B7D8A2005A1B1B /* MessagesTableViewController.m */ = {isa = PBXFileReference; lastKnownFileType = sourcecode.c.objc; path = MessagesTableViewController.m; sourceTree = "<group>"; };
		B872B5D520B7E856005A1B1B /* MessageController.h */ = {isa = PBXFileReference; lastKnownFileType = sourcecode.c.h; path = MessageController.h; sourceTree = "<group>"; };
		B872B5D620B7E856005A1B1B /* MessageController.m */ = {isa = PBXFileReference; lastKnownFileType = sourcecode.c.objc; path = MessageController.m; sourceTree = "<group>"; };
		B872B5D820B7E873005A1B1B /* M_TableViewCell.h */ = {isa = PBXFileReference; lastKnownFileType = sourcecode.c.h; path = M_TableViewCell.h; sourceTree = "<group>"; };
		B872B5D920B7E873005A1B1B /* M_TableViewCell.m */ = {isa = PBXFileReference; lastKnownFileType = sourcecode.c.objc; path = M_TableViewCell.m; sourceTree = "<group>"; };
		B872B5DA20B7E873005A1B1B /* M_TableViewCell.xib */ = {isa = PBXFileReference; lastKnownFileType = file.xib; path = M_TableViewCell.xib; sourceTree = "<group>"; };
		B8A82D1720B774E700AED2CF /* MyProfileViewController.h */ = {isa = PBXFileReference; lastKnownFileType = sourcecode.c.h; path = MyProfileViewController.h; sourceTree = "<group>"; };
		B8A82D1820B774E700AED2CF /* MyProfileViewController.m */ = {isa = PBXFileReference; lastKnownFileType = sourcecode.c.objc; path = MyProfileViewController.m; sourceTree = "<group>"; };
/* End PBXFileReference section */

/* Begin PBXFrameworksBuildPhase section */
		98FFB29A20A40EEF00364C6F /* Frameworks */ = {
			isa = PBXFrameworksBuildPhase;
			buildActionMask = 2147483647;
			files = (
			);
			runOnlyForDeploymentPostprocessing = 0;
		};
		98FFB2B220A40EEF00364C6F /* Frameworks */ = {
			isa = PBXFrameworksBuildPhase;
			buildActionMask = 2147483647;
			files = (
			);
			runOnlyForDeploymentPostprocessing = 0;
		};
		98FFB2BD20A40EEF00364C6F /* Frameworks */ = {
			isa = PBXFrameworksBuildPhase;
			buildActionMask = 2147483647;
			files = (
			);
			runOnlyForDeploymentPostprocessing = 0;
		};
/* End PBXFrameworksBuildPhase section */

/* Begin PBXGroup section */
		98339A6620ACF917001C91B1 /* Supporting Files */ = {
			isa = PBXGroup;
			children = (
				98339A6720ACF968001C91B1 /* Post.h */,
				98339A6820ACF968001C91B1 /* Post.m */,
				98A6FD7020B29CE100C944B5 /* Message.h */,
				98A6FD7120B29CE100C944B5 /* Message.m */,
				9815F24E20AC1638001AC7B1 /* SearchTableViewCell.xib */,
				98339A6320ACF2C4001C91B1 /* SearchTableViewCell.h */,
				98339A6420ACF2C4001C91B1 /* SearchTableViewCell.m */,
				98339A6A20ACFF6D001C91B1 /* SearchTableViewController.h */,
				98339A6B20ACFF6D001C91B1 /* SearchTableViewController.m */,
				98A6FD6D20B29ADB00C944B5 /* MessageTableViewCell.xib */,
				98A6FD6820B29AB400C944B5 /* MessagesTableViewController.h */,
				B872B5C920B7D8A2005A1B1B /* MessagesTableViewController.m */,
				98A6FD6B20B29ADB00C944B5 /* MessageTableViewCell.h */,
				98A6FD6C20B29ADB00C944B5 /* MessageTableViewCell.m */,
				983D144E20B381E200465D8A /* MyJamsTableViewCell.xib */,
				983D144B20B3816700465D8A /* MyJamsTableViewCell.h */,
				983D144C20B3816700465D8A /* MyJamsTableViewCell.m */,
				983D144820B3811300465D8A /* MyJamsTableViewController.h */,
				983D144920B3811300465D8A /* MyJamsTableViewController.m */,
			);
			path = "Supporting Files";
			sourceTree = "<group>";
		};
		98FFB29420A40EEF00364C6F = {
			isa = PBXGroup;
			children = (
				98FFB29F20A40EEF00364C6F /* Jam */,
				98FFB2B820A40EEF00364C6F /* JamTests */,
				98FFB2C320A40EEF00364C6F /* JamUITests */,
				98FFB29E20A40EEF00364C6F /* Products */,
			);
			sourceTree = "<group>";
		};
		98FFB29E20A40EEF00364C6F /* Products */ = {
			isa = PBXGroup;
			children = (
				98FFB29D20A40EEF00364C6F /* Jam.app */,
				98FFB2B520A40EEF00364C6F /* JamTests.xctest */,
				98FFB2C020A40EEF00364C6F /* JamUITests.xctest */,
			);
			name = Products;
			sourceTree = "<group>";
		};
		98FFB29F20A40EEF00364C6F /* Jam */ = {
			isa = PBXGroup;
			children = (
				98FFB2A020A40EEF00364C6F /* AppDelegate.h */,
				98FFB2A120A40EEF00364C6F /* AppDelegate.m */,
				98AA3FC720AA7C3D00601D7D /* LoginViewController.h */,
				98FFB2A420A40EEF00364C6F /* LoginViewController.m */,
				98FFB2A620A40EEF00364C6F /* Main.storyboard */,
				98FFB2A920A40EEF00364C6F /* Assets.xcassets */,
				98FFB2AB20A40EEF00364C6F /* LaunchScreen.storyboard */,
				98FFB2AE20A40EEF00364C6F /* Info.plist */,
				98FFB2AF20A40EEF00364C6F /* main.m */,
				98FFB2D220A4108700364C6F /* Gradients.h */,
				98FFB2D320A4108700364C6F /* Gradients.m */,
				98AA3FC020AA485A00601D7D /* SignUPViewController.h */,
				98AA3FC120AA485A00601D7D /* SignUPViewController.m */,
				98AA3FC320AA65EA00601D7D /* InputIcons.h */,
				98AA3FC420AA65EA00601D7D /* InputIcons.m */,
				98A6FD6220B2655D00C944B5 /* JamDetailsViewController.h */,
				98A6FD6320B2655D00C944B5 /* JamDetailsViewController.m */,
				98A6FD6520B2950000C944B5 /* ProfileViewController.h */,
				98A6FD6620B2950000C944B5 /* ProfileViewController.m */,
				983D145020B39E1100465D8A /* AddJamViewController.h */,
				983D145120B39E1100465D8A /* AddJamViewController.m */,
				B8A82D1720B774E700AED2CF /* MyProfileViewController.h */,
				B8A82D1820B774E700AED2CF /* MyProfileViewController.m */,
				B859B7FA20B8034C008BD9F9 /* M_ViewController.h */,
				B859B7FB20B8034C008BD9F9 /* M_ViewController.m */,
				B859B7FD20B8649C008BD9F9 /* TermsViewController.h */,
				B859B7FE20B8649C008BD9F9 /* TermsViewController.m */,
				B859B80020B8D433008BD9F9 /* MoreViewController.h */,
				B859B80120B8D433008BD9F9 /* MoreViewController.m */,
				B872B5D420B7E831005A1B1B /* Message */,
				98339A6620ACF917001C91B1 /* Supporting Files */,
			);
			path = Jam;
			sourceTree = "<group>";
		};
		98FFB2B820A40EEF00364C6F /* JamTests */ = {
			isa = PBXGroup;
			children = (
				98FFB2B920A40EEF00364C6F /* JamTests.m */,
				98FFB2BB20A40EEF00364C6F /* Info.plist */,
			);
			path = JamTests;
			sourceTree = "<group>";
		};
		98FFB2C320A40EEF00364C6F /* JamUITests */ = {
			isa = PBXGroup;
			children = (
				98FFB2C420A40EEF00364C6F /* JamUITests.m */,
				98FFB2C620A40EEF00364C6F /* Info.plist */,
			);
			path = JamUITests;
			sourceTree = "<group>";
		};
		B872B5D420B7E831005A1B1B /* Message */ = {
			isa = PBXGroup;
			children = (
				B872B5D520B7E856005A1B1B /* MessageController.h */,
				B872B5D620B7E856005A1B1B /* MessageController.m */,
				B872B5D820B7E873005A1B1B /* M_TableViewCell.h */,
				B872B5D920B7E873005A1B1B /* M_TableViewCell.m */,
				B872B5DA20B7E873005A1B1B /* M_TableViewCell.xib */,
			);
			path = Message;
			sourceTree = "<group>";
		};
/* End PBXGroup section */

/* Begin PBXNativeTarget section */
		98FFB29C20A40EEF00364C6F /* Jam */ = {
			isa = PBXNativeTarget;
			buildConfigurationList = 98FFB2C920A40EEF00364C6F /* Build configuration list for PBXNativeTarget "Jam" */;
			buildPhases = (
				98FFB29920A40EEF00364C6F /* Sources */,
				98FFB29A20A40EEF00364C6F /* Frameworks */,
				98FFB29B20A40EEF00364C6F /* Resources */,
			);
			buildRules = (
			);
			dependencies = (
			);
			name = Jam;
			productName = Jam;
			productReference = 98FFB29D20A40EEF00364C6F /* Jam.app */;
			productType = "com.apple.product-type.application";
		};
		98FFB2B420A40EEF00364C6F /* JamTests */ = {
			isa = PBXNativeTarget;
			buildConfigurationList = 98FFB2CC20A40EEF00364C6F /* Build configuration list for PBXNativeTarget "JamTests" */;
			buildPhases = (
				98FFB2B120A40EEF00364C6F /* Sources */,
				98FFB2B220A40EEF00364C6F /* Frameworks */,
				98FFB2B320A40EEF00364C6F /* Resources */,
			);
			buildRules = (
			);
			dependencies = (
				98FFB2B720A40EEF00364C6F /* PBXTargetDependency */,
			);
			name = JamTests;
			productName = JamTests;
			productReference = 98FFB2B520A40EEF00364C6F /* JamTests.xctest */;
			productType = "com.apple.product-type.bundle.unit-test";
		};
		98FFB2BF20A40EEF00364C6F /* JamUITests */ = {
			isa = PBXNativeTarget;
			buildConfigurationList = 98FFB2CF20A40EEF00364C6F /* Build configuration list for PBXNativeTarget "JamUITests" */;
			buildPhases = (
				98FFB2BC20A40EEF00364C6F /* Sources */,
				98FFB2BD20A40EEF00364C6F /* Frameworks */,
				98FFB2BE20A40EEF00364C6F /* Resources */,
			);
			buildRules = (
			);
			dependencies = (
				98FFB2C220A40EEF00364C6F /* PBXTargetDependency */,
			);
			name = JamUITests;
			productName = JamUITests;
			productReference = 98FFB2C020A40EEF00364C6F /* JamUITests.xctest */;
			productType = "com.apple.product-type.bundle.ui-testing";
		};
/* End PBXNativeTarget section */

/* Begin PBXProject section */
		98FFB29520A40EEF00364C6F /* Project object */ = {
			isa = PBXProject;
			attributes = {
				LastUpgradeCheck = 0920;
				ORGANIZATIONNAME = 5661;
				TargetAttributes = {
					98FFB29C20A40EEF00364C6F = {
						CreatedOnToolsVersion = 9.2;
						ProvisioningStyle = Automatic;
					};
					98FFB2B420A40EEF00364C6F = {
						CreatedOnToolsVersion = 9.2;
						ProvisioningStyle = Automatic;
						TestTargetID = 98FFB29C20A40EEF00364C6F;
					};
					98FFB2BF20A40EEF00364C6F = {
						CreatedOnToolsVersion = 9.2;
						ProvisioningStyle = Automatic;
						TestTargetID = 98FFB29C20A40EEF00364C6F;
					};
				};
			};
			buildConfigurationList = 98FFB29820A40EEF00364C6F /* Build configuration list for PBXProject "Jam" */;
			compatibilityVersion = "Xcode 8.0";
			developmentRegion = en;
			hasScannedForEncodings = 0;
			knownRegions = (
				en,
				Base,
			);
			mainGroup = 98FFB29420A40EEF00364C6F;
			productRefGroup = 98FFB29E20A40EEF00364C6F /* Products */;
			projectDirPath = "";
			projectRoot = "";
			targets = (
				98FFB29C20A40EEF00364C6F /* Jam */,
				98FFB2B420A40EEF00364C6F /* JamTests */,
				98FFB2BF20A40EEF00364C6F /* JamUITests */,
			);
		};
/* End PBXProject section */

/* Begin PBXResourcesBuildPhase section */
		98FFB29B20A40EEF00364C6F /* Resources */ = {
			isa = PBXResourcesBuildPhase;
			buildActionMask = 2147483647;
			files = (
				98FFB2AD20A40EEF00364C6F /* LaunchScreen.storyboard in Resources */,
				B872B5DC20B7E873005A1B1B /* M_TableViewCell.xib in Resources */,
				98FFB2AA20A40EEF00364C6F /* Assets.xcassets in Resources */,
				98A6FD6F20B29ADB00C944B5 /* MessageTableViewCell.xib in Resources */,
				98FFB2A820A40EEF00364C6F /* Main.storyboard in Resources */,
				983D144F20B381E200465D8A /* MyJamsTableViewCell.xib in Resources */,
				9815F25020AC1638001AC7B1 /* SearchTableViewCell.xib in Resources */,
			);
			runOnlyForDeploymentPostprocessing = 0;
		};
		98FFB2B320A40EEF00364C6F /* Resources */ = {
			isa = PBXResourcesBuildPhase;
			buildActionMask = 2147483647;
			files = (
			);
			runOnlyForDeploymentPostprocessing = 0;
		};
		98FFB2BE20A40EEF00364C6F /* Resources */ = {
			isa = PBXResourcesBuildPhase;
			buildActionMask = 2147483647;
			files = (
			);
			runOnlyForDeploymentPostprocessing = 0;
		};
/* End PBXResourcesBuildPhase section */

/* Begin PBXSourcesBuildPhase section */
		98FFB29920A40EEF00364C6F /* Sources */ = {
			isa = PBXSourcesBuildPhase;
			buildActionMask = 2147483647;
			files = (
				98339A6C20ACFF6D001C91B1 /* SearchTableViewController.m in Sources */,
				98339A6520ACF2C4001C91B1 /* SearchTableViewCell.m in Sources */,
				B859B80220B8D433008BD9F9 /* MoreViewController.m in Sources */,
				98A6FD6420B2655D00C944B5 /* JamDetailsViewController.m in Sources */,
				98A6FD7220B29CE100C944B5 /* Message.m in Sources */,
				983D144D20B3816700465D8A /* MyJamsTableViewCell.m in Sources */,
				98FFB2A520A40EEF00364C6F /* LoginViewController.m in Sources */,
				B872B5CA20B7D8A2005A1B1B /* MessagesTableViewController.m in Sources */,
				98AA3FC220AA485A00601D7D /* SignUPViewController.m in Sources */,
				98339A6920ACF968001C91B1 /* Post.m in Sources */,
				98FFB2B020A40EEF00364C6F /* main.m in Sources */,
				98AA3FC520AA65EA00601D7D /* InputIcons.m in Sources */,
				B872B5DB20B7E873005A1B1B /* M_TableViewCell.m in Sources */,
				B859B7FC20B8034C008BD9F9 /* M_ViewController.m in Sources */,
				B8A82D1920B774E700AED2CF /* MyProfileViewController.m in Sources */,
				98A6FD6720B2950000C944B5 /* ProfileViewController.m in Sources */,
				98FFB2A220A40EEF00364C6F /* AppDelegate.m in Sources */,
				B859B7FF20B8649C008BD9F9 /* TermsViewController.m in Sources */,
				98A6FD6E20B29ADB00C944B5 /* MessageTableViewCell.m in Sources */,
				983D145220B39E1100465D8A /* AddJamViewController.m in Sources */,
				98FFB2D420A4108700364C6F /* Gradients.m in Sources */,
				983D144A20B3811300465D8A /* MyJamsTableViewController.m in Sources */,
				B872B5D720B7E856005A1B1B /* MessageController.m in Sources */,
			);
			runOnlyForDeploymentPostprocessing = 0;
		};
		98FFB2B120A40EEF00364C6F /* Sources */ = {
			isa = PBXSourcesBuildPhase;
			buildActionMask = 2147483647;
			files = (
				98FFB2BA20A40EEF00364C6F /* JamTests.m in Sources */,
			);
			runOnlyForDeploymentPostprocessing = 0;
		};
		98FFB2BC20A40EEF00364C6F /* Sources */ = {
			isa = PBXSourcesBuildPhase;
			buildActionMask = 2147483647;
			files = (
				98FFB2C520A40EEF00364C6F /* JamUITests.m in Sources */,
			);
			runOnlyForDeploymentPostprocessing = 0;
		};
/* End PBXSourcesBuildPhase section */

/* Begin PBXTargetDependency section */
		98FFB2B720A40EEF00364C6F /* PBXTargetDependency */ = {
			isa = PBXTargetDependency;
			target = 98FFB29C20A40EEF00364C6F /* Jam */;
			targetProxy = 98FFB2B620A40EEF00364C6F /* PBXContainerItemProxy */;
		};
		98FFB2C220A40EEF00364C6F /* PBXTargetDependency */ = {
			isa = PBXTargetDependency;
			target = 98FFB29C20A40EEF00364C6F /* Jam */;
			targetProxy = 98FFB2C120A40EEF00364C6F /* PBXContainerItemProxy */;
		};
/* End PBXTargetDependency section */

/* Begin PBXVariantGroup section */
		98FFB2A620A40EEF00364C6F /* Main.storyboard */ = {
			isa = PBXVariantGroup;
			children = (
				98FFB2A720A40EEF00364C6F /* Base */,
			);
			name = Main.storyboard;
			sourceTree = "<group>";
		};
		98FFB2AB20A40EEF00364C6F /* LaunchScreen.storyboard */ = {
			isa = PBXVariantGroup;
			children = (
				98FFB2AC20A40EEF00364C6F /* Base */,
			);
			name = LaunchScreen.storyboard;
			sourceTree = "<group>";
		};
/* End PBXVariantGroup section */

/* Begin XCBuildConfiguration section */
		98FFB2C720A40EEF00364C6F /* Debug */ = {
			isa = XCBuildConfiguration;
			buildSettings = {
				ALWAYS_SEARCH_USER_PATHS = NO;
				CLANG_ANALYZER_NONNULL = YES;
				CLANG_ANALYZER_NUMBER_OBJECT_CONVERSION = YES_AGGRESSIVE;
				CLANG_CXX_LANGUAGE_STANDARD = "gnu++14";
				CLANG_CXX_LIBRARY = "libc++";
				CLANG_ENABLE_MODULES = YES;
				CLANG_ENABLE_OBJC_ARC = YES;
				CLANG_WARN_BLOCK_CAPTURE_AUTORELEASING = YES;
				CLANG_WARN_BOOL_CONVERSION = YES;
				CLANG_WARN_COMMA = YES;
				CLANG_WARN_CONSTANT_CONVERSION = YES;
				CLANG_WARN_DIRECT_OBJC_ISA_USAGE = YES_ERROR;
				CLANG_WARN_DOCUMENTATION_COMMENTS = YES;
				CLANG_WARN_EMPTY_BODY = YES;
				CLANG_WARN_ENUM_CONVERSION = YES;
				CLANG_WARN_INFINITE_RECURSION = YES;
				CLANG_WARN_INT_CONVERSION = YES;
				CLANG_WARN_NON_LITERAL_NULL_CONVERSION = YES;
				CLANG_WARN_OBJC_LITERAL_CONVERSION = YES;
				CLANG_WARN_OBJC_ROOT_CLASS = YES_ERROR;
				CLANG_WARN_RANGE_LOOP_ANALYSIS = YES;
				CLANG_WARN_STRICT_PROTOTYPES = YES;
				CLANG_WARN_SUSPICIOUS_MOVE = YES;
				CLANG_WARN_UNGUARDED_AVAILABILITY = YES_AGGRESSIVE;
				CLANG_WARN_UNREACHABLE_CODE = YES;
				CLANG_WARN__DUPLICATE_METHOD_MATCH = YES;
				CODE_SIGN_IDENTITY = "iPhone Developer";
				COPY_PHASE_STRIP = NO;
				DEBUG_INFORMATION_FORMAT = dwarf;
				ENABLE_STRICT_OBJC_MSGSEND = YES;
				ENABLE_TESTABILITY = YES;
				GCC_C_LANGUAGE_STANDARD = gnu11;
				GCC_DYNAMIC_NO_PIC = NO;
				GCC_NO_COMMON_BLOCKS = YES;
				GCC_OPTIMIZATION_LEVEL = 0;
				GCC_PREPROCESSOR_DEFINITIONS = (
					"DEBUG=1",
					"$(inherited)",
				);
				GCC_WARN_64_TO_32_BIT_CONVERSION = YES;
				GCC_WARN_ABOUT_RETURN_TYPE = YES_ERROR;
				GCC_WARN_UNDECLARED_SELECTOR = YES;
				GCC_WARN_UNINITIALIZED_AUTOS = YES_AGGRESSIVE;
				GCC_WARN_UNUSED_FUNCTION = YES;
				GCC_WARN_UNUSED_VARIABLE = YES;
				IPHONEOS_DEPLOYMENT_TARGET = 11.2;
				MTL_ENABLE_DEBUG_INFO = YES;
				ONLY_ACTIVE_ARCH = YES;
				SDKROOT = iphoneos;
			};
			name = Debug;
		};
		98FFB2C820A40EEF00364C6F /* Release */ = {
			isa = XCBuildConfiguration;
			buildSettings = {
				ALWAYS_SEARCH_USER_PATHS = NO;
				CLANG_ANALYZER_NONNULL = YES;
				CLANG_ANALYZER_NUMBER_OBJECT_CONVERSION = YES_AGGRESSIVE;
				CLANG_CXX_LANGUAGE_STANDARD = "gnu++14";
				CLANG_CXX_LIBRARY = "libc++";
				CLANG_ENABLE_MODULES = YES;
				CLANG_ENABLE_OBJC_ARC = YES;
				CLANG_WARN_BLOCK_CAPTURE_AUTORELEASING = YES;
				CLANG_WARN_BOOL_CONVERSION = YES;
				CLANG_WARN_COMMA = YES;
				CLANG_WARN_CONSTANT_CONVERSION = YES;
				CLANG_WARN_DIRECT_OBJC_ISA_USAGE = YES_ERROR;
				CLANG_WARN_DOCUMENTATION_COMMENTS = YES;
				CLANG_WARN_EMPTY_BODY = YES;
				CLANG_WARN_ENUM_CONVERSION = YES;
				CLANG_WARN_INFINITE_RECURSION = YES;
				CLANG_WARN_INT_CONVERSION = YES;
				CLANG_WARN_NON_LITERAL_NULL_CONVERSION = YES;
				CLANG_WARN_OBJC_LITERAL_CONVERSION = YES;
				CLANG_WARN_OBJC_ROOT_CLASS = YES_ERROR;
				CLANG_WARN_RANGE_LOOP_ANALYSIS = YES;
				CLANG_WARN_STRICT_PROTOTYPES = YES;
				CLANG_WARN_SUSPICIOUS_MOVE = YES;
				CLANG_WARN_UNGUARDED_AVAILABILITY = YES_AGGRESSIVE;
				CLANG_WARN_UNREACHABLE_CODE = YES;
				CLANG_WARN__DUPLICATE_METHOD_MATCH = YES;
				CODE_SIGN_IDENTITY = "iPhone Developer";
				COPY_PHASE_STRIP = NO;
				DEBUG_INFORMATION_FORMAT = "dwarf-with-dsym";
				ENABLE_NS_ASSERTIONS = NO;
				ENABLE_STRICT_OBJC_MSGSEND = YES;
				GCC_C_LANGUAGE_STANDARD = gnu11;
				GCC_NO_COMMON_BLOCKS = YES;
				GCC_WARN_64_TO_32_BIT_CONVERSION = YES;
				GCC_WARN_ABOUT_RETURN_TYPE = YES_ERROR;
				GCC_WARN_UNDECLARED_SELECTOR = YES;
				GCC_WARN_UNINITIALIZED_AUTOS = YES_AGGRESSIVE;
				GCC_WARN_UNUSED_FUNCTION = YES;
				GCC_WARN_UNUSED_VARIABLE = YES;
				IPHONEOS_DEPLOYMENT_TARGET = 11.2;
				MTL_ENABLE_DEBUG_INFO = NO;
				SDKROOT = iphoneos;
				VALIDATE_PRODUCT = YES;
			};
			name = Release;
		};
		98FFB2CA20A40EEF00364C6F /* Debug */ = {
			isa = XCBuildConfiguration;
			buildSettings = {
				ASSETCATALOG_COMPILER_APPICON_NAME = AppIcon;
				CODE_SIGN_STYLE = Automatic;
				INFOPLIST_FILE = Jam/Info.plist;
				LD_RUNPATH_SEARCH_PATHS = "$(inherited) @executable_path/Frameworks";
				PRODUCT_BUNDLE_IDENTIFIER = maycon.Jam;
				PRODUCT_NAME = "$(TARGET_NAME)";
				TARGETED_DEVICE_FAMILY = "1,2";
			};
			name = Debug;
		};
		98FFB2CB20A40EEF00364C6F /* Release */ = {
			isa = XCBuildConfiguration;
			buildSettings = {
				ASSETCATALOG_COMPILER_APPICON_NAME = AppIcon;
				CODE_SIGN_STYLE = Automatic;
				INFOPLIST_FILE = Jam/Info.plist;
				LD_RUNPATH_SEARCH_PATHS = "$(inherited) @executable_path/Frameworks";
				PRODUCT_BUNDLE_IDENTIFIER = maycon.Jam;
				PRODUCT_NAME = "$(TARGET_NAME)";
				TARGETED_DEVICE_FAMILY = "1,2";
			};
			name = Release;
		};
		98FFB2CD20A40EEF00364C6F /* Debug */ = {
			isa = XCBuildConfiguration;
			buildSettings = {
				BUNDLE_LOADER = "$(TEST_HOST)";
				CODE_SIGN_STYLE = Automatic;
				INFOPLIST_FILE = JamTests/Info.plist;
				LD_RUNPATH_SEARCH_PATHS = "$(inherited) @executable_path/Frameworks @loader_path/Frameworks";
				PRODUCT_BUNDLE_IDENTIFIER = maycon.JamTests;
				PRODUCT_NAME = "$(TARGET_NAME)";
				TARGETED_DEVICE_FAMILY = "1,2";
				TEST_HOST = "$(BUILT_PRODUCTS_DIR)/Jam.app/Jam";
			};
			name = Debug;
		};
		98FFB2CE20A40EEF00364C6F /* Release */ = {
			isa = XCBuildConfiguration;
			buildSettings = {
				BUNDLE_LOADER = "$(TEST_HOST)";
				CODE_SIGN_STYLE = Automatic;
				INFOPLIST_FILE = JamTests/Info.plist;
				LD_RUNPATH_SEARCH_PATHS = "$(inherited) @executable_path/Frameworks @loader_path/Frameworks";
				PRODUCT_BUNDLE_IDENTIFIER = maycon.JamTests;
				PRODUCT_NAME = "$(TARGET_NAME)";
				TARGETED_DEVICE_FAMILY = "1,2";
				TEST_HOST = "$(BUILT_PRODUCTS_DIR)/Jam.app/Jam";
			};
			name = Release;
		};
		98FFB2D020A40EEF00364C6F /* Debug */ = {
			isa = XCBuildConfiguration;
			buildSettings = {
				CODE_SIGN_STYLE = Automatic;
				INFOPLIST_FILE = JamUITests/Info.plist;
				LD_RUNPATH_SEARCH_PATHS = "$(inherited) @executable_path/Frameworks @loader_path/Frameworks";
				PRODUCT_BUNDLE_IDENTIFIER = maycon.JamUITests;
				PRODUCT_NAME = "$(TARGET_NAME)";
				TARGETED_DEVICE_FAMILY = "1,2";
				TEST_TARGET_NAME = Jam;
			};
			name = Debug;
		};
		98FFB2D120A40EEF00364C6F /* Release */ = {
			isa = XCBuildConfiguration;
			buildSettings = {
				CODE_SIGN_STYLE = Automatic;
				INFOPLIST_FILE = JamUITests/Info.plist;
				LD_RUNPATH_SEARCH_PATHS = "$(inherited) @executable_path/Frameworks @loader_path/Frameworks";
				PRODUCT_BUNDLE_IDENTIFIER = maycon.JamUITests;
				PRODUCT_NAME = "$(TARGET_NAME)";
				TARGETED_DEVICE_FAMILY = "1,2";
				TEST_TARGET_NAME = Jam;
			};
			name = Release;
		};
/* End XCBuildConfiguration section */

/* Begin XCConfigurationList section */
		98FFB29820A40EEF00364C6F /* Build configuration list for PBXProject "Jam" */ = {
			isa = XCConfigurationList;
			buildConfigurations = (
				98FFB2C720A40EEF00364C6F /* Debug */,
				98FFB2C820A40EEF00364C6F /* Release */,
			);
			defaultConfigurationIsVisible = 0;
			defaultConfigurationName = Release;
		};
		98FFB2C920A40EEF00364C6F /* Build configuration list for PBXNativeTarget "Jam" */ = {
			isa = XCConfigurationList;
			buildConfigurations = (
				98FFB2CA20A40EEF00364C6F /* Debug */,
				98FFB2CB20A40EEF00364C6F /* Release */,
			);
			defaultConfigurationIsVisible = 0;
			defaultConfigurationName = Release;
		};
		98FFB2CC20A40EEF00364C6F /* Build configuration list for PBXNativeTarget "JamTests" */ = {
			isa = XCConfigurationList;
			buildConfigurations = (
				98FFB2CD20A40EEF00364C6F /* Debug */,
				98FFB2CE20A40EEF00364C6F /* Release */,
			);
			defaultConfigurationIsVisible = 0;
			defaultConfigurationName = Release;
		};
		98FFB2CF20A40EEF00364C6F /* Build configuration list for PBXNativeTarget "JamUITests" */ = {
			isa = XCConfigurationList;
			buildConfigurations = (
				98FFB2D020A40EEF00364C6F /* Debug */,
				98FFB2D120A40EEF00364C6F /* Release */,
			);
			defaultConfigurationIsVisible = 0;
			defaultConfigurationName = Release;
		};
/* End XCConfigurationList section */
	};
	rootObject = 98FFB29520A40EEF00364C6F /* Project object */;
}
